github.com/dustin/go-broadcast v0.0.0-20211018055107-71439988bd91 h1:jAUM3D1KIrJmwx60DKB+a/qqM69yHnu6otDGVa2t0vs=
github.com/dustin/go-broadcast v0.0.0-20211018055107-71439988bd91/go.mod h1:8rK6Kbo1Jd6sK22b24aPVgAm3jlNy1q1ft+lBALdIqA=
github.com/mattn/go-shellwords v1.0.12 h1:M2zGm7EW6UQJvDeQxo4T51eKPurbeFbe8WtebGE2xrk=
github.com/mattn/go-shellwords v1.0.12/go.mod h1:EZzvwXDESEeg03EKmM+RmDnNOPKG4lLtQsUlTZDWQ8Y=
golang.org/x/sync v0.7.0 h1:YsImfSBoP9QPYL0xyKJPq0gcaJdG3rInoqxTWbfQu9M=
golang.org/x/sync v0.7.0/go.mod h1:Czt+wKu1gCyEFDUtn0jG5QVvpJ6rzVqr5aXyt9drQfk=
